// !$*UTF8*$!
{
	archiveVersion = 1;
	classes = {
	};
	objectVersion = 56;
	objects = {

/* Begin PBXBuildFile section */
		F112FFD92B5FD91E007131B9 /* Localizable in Resources */ = {isa = PBXBuildFile; fileRef = F112FFDB2B5FD91E007131B9 /* Localizable */; };
		F112FFDE2B614D77007131B9 /* FooterLoadingCollectionReusableView.swift in Sources */ = {isa = PBXBuildFile; fileRef = F112FFDD2B614D77007131B9 /* FooterLoadingCollectionReusableView.swift */; };
		F1165BC82B519812006F7220 /* AppDelegate.swift in Sources */ = {isa = PBXBuildFile; fileRef = F1165BC72B519812006F7220 /* AppDelegate.swift */; };
		F1165BCA2B519812006F7220 /* SceneDelegate.swift in Sources */ = {isa = PBXBuildFile; fileRef = F1165BC92B519812006F7220 /* SceneDelegate.swift */; };
		F1165BD12B519815006F7220 /* Assets.xcassets in Resources */ = {isa = PBXBuildFile; fileRef = F1165BD02B519815006F7220 /* Assets.xcassets */; };
		F1165BD42B519815006F7220 /* LaunchScreen.storyboard in Resources */ = {isa = PBXBuildFile; fileRef = F1165BD22B519815006F7220 /* LaunchScreen.storyboard */; };
		F1165BE92B519BD8006F7220 /* CountryModel.swift in Sources */ = {isa = PBXBuildFile; fileRef = F1165BE82B519BD8006F7220 /* CountryModel.swift */; };
		F1165BEB2B519C18006F7220 /* NetworkManager.swift in Sources */ = {isa = PBXBuildFile; fileRef = F1165BEA2B519C18006F7220 /* NetworkManager.swift */; };
		F1165BED2B541020006F7220 /* ListOfCountriesPresenter.swift in Sources */ = {isa = PBXBuildFile; fileRef = F1165BEC2B541020006F7220 /* ListOfCountriesPresenter.swift */; };
		F1165BFA2B5420B9006F7220 /* CountryCollectionViewCell.swift in Sources */ = {isa = PBXBuildFile; fileRef = F1165BF82B5420B9006F7220 /* CountryCollectionViewCell.swift */; };
		F1165BFB2B5420B9006F7220 /* CountryCollectionViewCell.xib in Resources */ = {isa = PBXBuildFile; fileRef = F1165BF92B5420B9006F7220 /* CountryCollectionViewCell.xib */; };
		F1165C0A2B548D74006F7220 /* ListOfCountriesViewController.swift in Sources */ = {isa = PBXBuildFile; fileRef = F1165C082B548D74006F7220 /* ListOfCountriesViewController.swift */; };
		F1165C0B2B548D74006F7220 /* ListOfCountriesViewController.xib in Resources */ = {isa = PBXBuildFile; fileRef = F1165C092B548D74006F7220 /* ListOfCountriesViewController.xib */; };
		F190A8252B6BB9F70002A23A /* CountryDetailsViewController.swift in Sources */ = {isa = PBXBuildFile; fileRef = F190A8232B6BB9F70002A23A /* CountryDetailsViewController.swift */; };
		F190A8262B6BB9F70002A23A /* CountryDetailsViewController.xib in Resources */ = {isa = PBXBuildFile; fileRef = F190A8242B6BB9F70002A23A /* CountryDetailsViewController.xib */; };
		F190A8292B6BC70A0002A23A /* CountryImagesCollectionViewCell.swift in Sources */ = {isa = PBXBuildFile; fileRef = F190A8272B6BC70A0002A23A /* CountryImagesCollectionViewCell.swift */; };
		F190A82A2B6BC70A0002A23A /* CountryImagesCollectionViewCell.xib in Resources */ = {isa = PBXBuildFile; fileRef = F190A8282B6BC70A0002A23A /* CountryImagesCollectionViewCell.xib */; };
/* End PBXBuildFile section */

/* Begin PBXFileReference section */
		F112FFDA2B5FD91E007131B9 /* en */ = {isa = PBXFileReference; lastKnownFileType = text; name = en; path = en.lproj/Localizable; sourceTree = "<group>"; };
		F112FFDC2B5FD928007131B9 /* Base */ = {isa = PBXFileReference; lastKnownFileType = text; name = Base; path = Base.lproj/Localizable; sourceTree = "<group>"; };
		F112FFDD2B614D77007131B9 /* FooterLoadingCollectionReusableView.swift */ = {isa = PBXFileReference; lastKnownFileType = sourcecode.swift; path = FooterLoadingCollectionReusableView.swift; sourceTree = "<group>"; };
		F1165BC42B519812006F7220 /* Countries_App.app */ = {isa = PBXFileReference; explicitFileType = wrapper.application; includeInIndex = 0; path = Countries_App.app; sourceTree = BUILT_PRODUCTS_DIR; };
		F1165BC72B519812006F7220 /* AppDelegate.swift */ = {isa = PBXFileReference; lastKnownFileType = sourcecode.swift; path = AppDelegate.swift; sourceTree = "<group>"; };
		F1165BC92B519812006F7220 /* SceneDelegate.swift */ = {isa = PBXFileReference; lastKnownFileType = sourcecode.swift; path = SceneDelegate.swift; sourceTree = "<group>"; };
		F1165BD02B519815006F7220 /* Assets.xcassets */ = {isa = PBXFileReference; lastKnownFileType = folder.assetcatalog; path = Assets.xcassets; sourceTree = "<group>"; };
		F1165BD32B519815006F7220 /* Base */ = {isa = PBXFileReference; lastKnownFileType = file.storyboard; name = Base; path = Base.lproj/LaunchScreen.storyboard; sourceTree = "<group>"; };
		F1165BD52B519815006F7220 /* Info.plist */ = {isa = PBXFileReference; lastKnownFileType = text.plist.xml; path = Info.plist; sourceTree = "<group>"; };
		F1165BE82B519BD8006F7220 /* CountryModel.swift */ = {isa = PBXFileReference; lastKnownFileType = sourcecode.swift; path = CountryModel.swift; sourceTree = "<group>"; };
		F1165BEA2B519C18006F7220 /* NetworkManager.swift */ = {isa = PBXFileReference; lastKnownFileType = sourcecode.swift; path = NetworkManager.swift; sourceTree = "<group>"; };
		F1165BEC2B541020006F7220 /* ListOfCountriesPresenter.swift */ = {isa = PBXFileReference; lastKnownFileType = sourcecode.swift; path = ListOfCountriesPresenter.swift; sourceTree = "<group>"; };
		F1165BF82B5420B9006F7220 /* CountryCollectionViewCell.swift */ = {isa = PBXFileReference; lastKnownFileType = sourcecode.swift; path = CountryCollectionViewCell.swift; sourceTree = "<group>"; };
		F1165BF92B5420B9006F7220 /* CountryCollectionViewCell.xib */ = {isa = PBXFileReference; lastKnownFileType = file.xib; path = CountryCollectionViewCell.xib; sourceTree = "<group>"; };
		F1165C082B548D74006F7220 /* ListOfCountriesViewController.swift */ = {isa = PBXFileReference; lastKnownFileType = sourcecode.swift; path = ListOfCountriesViewController.swift; sourceTree = "<group>"; };
		F1165C092B548D74006F7220 /* ListOfCountriesViewController.xib */ = {isa = PBXFileReference; lastKnownFileType = file.xib; path = ListOfCountriesViewController.xib; sourceTree = "<group>"; };
		F190A8232B6BB9F70002A23A /* CountryDetailsViewController.swift */ = {isa = PBXFileReference; lastKnownFileType = sourcecode.swift; path = CountryDetailsViewController.swift; sourceTree = "<group>"; };
		F190A8242B6BB9F70002A23A /* CountryDetailsViewController.xib */ = {isa = PBXFileReference; lastKnownFileType = file.xib; path = CountryDetailsViewController.xib; sourceTree = "<group>"; };
		F190A8272B6BC70A0002A23A /* CountryImagesCollectionViewCell.swift */ = {isa = PBXFileReference; lastKnownFileType = sourcecode.swift; path = CountryImagesCollectionViewCell.swift; sourceTree = "<group>"; };
		F190A8282B6BC70A0002A23A /* CountryImagesCollectionViewCell.xib */ = {isa = PBXFileReference; lastKnownFileType = file.xib; path = CountryImagesCollectionViewCell.xib; sourceTree = "<group>"; };
/* End PBXFileReference section */

/* Begin PBXFrameworksBuildPhase section */
		F1165BC12B519812006F7220 /* Frameworks */ = {
			isa = PBXFrameworksBuildPhase;
			buildActionMask = 2147483647;
			files = (
			);
			runOnlyForDeploymentPostprocessing = 0;
		};
/* End PBXFrameworksBuildPhase section */

/* Begin PBXGroup section */
		F1165BBB2B519812006F7220 = {
			isa = PBXGroup;
			children = (
				F1165BC62B519812006F7220 /* Countries_App */,
				F1165BC52B519812006F7220 /* Products */,
			);
			sourceTree = "<group>";
		};
		F1165BC52B519812006F7220 /* Products */ = {
			isa = PBXGroup;
			children = (
				F1165BC42B519812006F7220 /* Countries_App.app */,
			);
			name = Products;
			sourceTree = "<group>";
		};
		F1165BC62B519812006F7220 /* Countries_App */ = {
			isa = PBXGroup;
			children = (
				F1165BE62B519B5B006F7220 /* PresentationLayer */,
				F1165BE52B519B4E006F7220 /* BusinessLogicLayer */,
				F1165BC72B519812006F7220 /* AppDelegate.swift */,
				F1165BC92B519812006F7220 /* SceneDelegate.swift */,
				F112FFDB2B5FD91E007131B9 /* Localizable */,
				F1165BD02B519815006F7220 /* Assets.xcassets */,
				F1165BD22B519815006F7220 /* LaunchScreen.storyboard */,
				F1165BD52B519815006F7220 /* Info.plist */,
			);
			path = Countries_App;
			sourceTree = "<group>";
		};
		F1165BE22B519B1B006F7220 /* Views */ = {
			isa = PBXGroup;
			children = (
				F190A8142B6BA3830002A23A /* ListOfCountries */,
				F190A8162B6BA3C40002A23A /* CountryDetails */,
				F190A8152B6BA3A80002A23A /* LoadingIndicator */,
			);
			path = Views;
			sourceTree = "<group>";
		};
		F1165BE32B519B21006F7220 /* Presenters */ = {
			isa = PBXGroup;
			children = (
				F1165BEC2B541020006F7220 /* ListOfCountriesPresenter.swift */,
			);
			path = Presenters;
			sourceTree = "<group>";
		};
		F1165BE42B519B28006F7220 /* Models */ = {
			isa = PBXGroup;
			children = (
				F1165BE82B519BD8006F7220 /* CountryModel.swift */,
			);
			path = Models;
			sourceTree = "<group>";
		};
		F1165BE52B519B4E006F7220 /* BusinessLogicLayer */ = {
			isa = PBXGroup;
			children = (
				F1165BE72B519BB6006F7220 /* Services */,
				F1165BE42B519B28006F7220 /* Models */,
			);
			path = BusinessLogicLayer;
			sourceTree = "<group>";
		};
		F1165BE62B519B5B006F7220 /* PresentationLayer */ = {
			isa = PBXGroup;
			children = (
				F1165BE32B519B21006F7220 /* Presenters */,
				F1165BE22B519B1B006F7220 /* Views */,
			);
			path = PresentationLayer;
			sourceTree = "<group>";
		};
		F1165BE72B519BB6006F7220 /* Services */ = {
			isa = PBXGroup;
			children = (
				F1165BEA2B519C18006F7220 /* NetworkManager.swift */,
			);
			path = Services;
			sourceTree = "<group>";
		};
		F190A8142B6BA3830002A23A /* ListOfCountries */ = {
			isa = PBXGroup;
			children = (
				F1165C082B548D74006F7220 /* ListOfCountriesViewController.swift */,
				F1165C092B548D74006F7220 /* ListOfCountriesViewController.xib */,
				F1165BF82B5420B9006F7220 /* CountryCollectionViewCell.swift */,
				F1165BF92B5420B9006F7220 /* CountryCollectionViewCell.xib */,
			);
			path = ListOfCountries;
			sourceTree = "<group>";
		};
		F190A8152B6BA3A80002A23A /* LoadingIndicator */ = {
			isa = PBXGroup;
			children = (
				F112FFDD2B614D77007131B9 /* FooterLoadingCollectionReusableView.swift */,
			);
			path = LoadingIndicator;
			sourceTree = "<group>";
		};
		F190A8162B6BA3C40002A23A /* CountryDetails */ = {
			isa = PBXGroup;
			children = (
				F190A8232B6BB9F70002A23A /* CountryDetailsViewController.swift */,
				F190A8242B6BB9F70002A23A /* CountryDetailsViewController.xib */,
				F190A8272B6BC70A0002A23A /* CountryImagesCollectionViewCell.swift */,
				F190A8282B6BC70A0002A23A /* CountryImagesCollectionViewCell.xib */,
			);
			path = CountryDetails;
			sourceTree = "<group>";
		};
/* End PBXGroup section */

/* Begin PBXNativeTarget section */
		F1165BC32B519812006F7220 /* Countries_App */ = {
			isa = PBXNativeTarget;
			buildConfigurationList = F1165BD82B519815006F7220 /* Build configuration list for PBXNativeTarget "Countries_App" */;
			buildPhases = (
				F1165BC02B519812006F7220 /* Sources */,
				F1165BC12B519812006F7220 /* Frameworks */,
				F1165BC22B519812006F7220 /* Resources */,
			);
			buildRules = (
			);
			dependencies = (
			);
			name = Countries_App;
			productName = Countries_App;
			productReference = F1165BC42B519812006F7220 /* Countries_App.app */;
			productType = "com.apple.product-type.application";
		};
/* End PBXNativeTarget section */

/* Begin PBXProject section */
		F1165BBC2B519812006F7220 /* Project object */ = {
			isa = PBXProject;
			attributes = {
				BuildIndependentTargetsInParallel = 1;
				LastSwiftUpdateCheck = 1420;
				LastUpgradeCheck = 1420;
				TargetAttributes = {
					F1165BC32B519812006F7220 = {
						CreatedOnToolsVersion = 14.2;
					};
				};
			};
			buildConfigurationList = F1165BBF2B519812006F7220 /* Build configuration list for PBXProject "Countries_App" */;
			compatibilityVersion = "Xcode 14.0";
			developmentRegion = en;
			hasScannedForEncodings = 0;
			knownRegions = (
				en,
				Base,
			);
			mainGroup = F1165BBB2B519812006F7220;
			productRefGroup = F1165BC52B519812006F7220 /* Products */;
			projectDirPath = "";
			projectRoot = "";
			targets = (
				F1165BC32B519812006F7220 /* Countries_App */,
			);
		};
/* End PBXProject section */

/* Begin PBXResourcesBuildPhase section */
		F1165BC22B519812006F7220 /* Resources */ = {
			isa = PBXResourcesBuildPhase;
			buildActionMask = 2147483647;
			files = (
				F190A82A2B6BC70A0002A23A /* CountryImagesCollectionViewCell.xib in Resources */,
				F112FFD92B5FD91E007131B9 /* Localizable in Resources */,
				F190A8262B6BB9F70002A23A /* CountryDetailsViewController.xib in Resources */,
				F1165BD42B519815006F7220 /* LaunchScreen.storyboard in Resources */,
				F1165C0B2B548D74006F7220 /* ListOfCountriesViewController.xib in Resources */,
				F1165BFB2B5420B9006F7220 /* CountryCollectionViewCell.xib in Resources */,
				F1165BD12B519815006F7220 /* Assets.xcassets in Resources */,
			);
			runOnlyForDeploymentPostprocessing = 0;
		};
/* End PBXResourcesBuildPhase section */

/* Begin PBXSourcesBuildPhase section */
		F1165BC02B519812006F7220 /* Sources */ = {
			isa = PBXSourcesBuildPhase;
			buildActionMask = 2147483647;
			files = (
				F1165BC82B519812006F7220 /* AppDelegate.swift in Sources */,
				F190A8252B6BB9F70002A23A /* CountryDetailsViewController.swift in Sources */,
				F1165BEB2B519C18006F7220 /* NetworkManager.swift in Sources */,
				F190A8292B6BC70A0002A23A /* CountryImagesCollectionViewCell.swift in Sources */,
				F1165BFA2B5420B9006F7220 /* CountryCollectionViewCell.swift in Sources */,
				F112FFDE2B614D77007131B9 /* FooterLoadingCollectionReusableView.swift in Sources */,
				F1165BE92B519BD8006F7220 /* CountryModel.swift in Sources */,
				F1165BCA2B519812006F7220 /* SceneDelegate.swift in Sources */,
				F1165BED2B541020006F7220 /* ListOfCountriesPresenter.swift in Sources */,
				F1165C0A2B548D74006F7220 /* ListOfCountriesViewController.swift in Sources */,
			);
			runOnlyForDeploymentPostprocessing = 0;
		};
/* End PBXSourcesBuildPhase section */

/* Begin PBXVariantGroup section */
		F112FFDB2B5FD91E007131B9 /* Localizable */ = {
			isa = PBXVariantGroup;
			children = (
				F112FFDA2B5FD91E007131B9 /* en */,
				F112FFDC2B5FD928007131B9 /* Base */,
			);
			name = Localizable;
			sourceTree = "<group>";
		};
		F1165BD22B519815006F7220 /* LaunchScreen.storyboard */ = {
			isa = PBXVariantGroup;
			children = (
				F1165BD32B519815006F7220 /* Base */,
			);
			name = LaunchScreen.storyboard;
			sourceTree = "<group>";
		};
/* End PBXVariantGroup section */

/* Begin XCBuildConfiguration section */
		F1165BD62B519815006F7220 /* Debug */ = {
			isa = XCBuildConfiguration;
			buildSettings = {
				ALWAYS_SEARCH_USER_PATHS = NO;
				CLANG_ANALYZER_NONNULL = YES;
				CLANG_ANALYZER_NUMBER_OBJECT_CONVERSION = YES_AGGRESSIVE;
				CLANG_CXX_LANGUAGE_STANDARD = "gnu++20";
				CLANG_ENABLE_MODULES = YES;
				CLANG_ENABLE_OBJC_ARC = YES;
				CLANG_ENABLE_OBJC_WEAK = YES;
				CLANG_WARN_BLOCK_CAPTURE_AUTORELEASING = YES;
				CLANG_WARN_BOOL_CONVERSION = YES;
				CLANG_WARN_COMMA = YES;
				CLANG_WARN_CONSTANT_CONVERSION = YES;
				CLANG_WARN_DEPRECATED_OBJC_IMPLEMENTATIONS = YES;
				CLANG_WARN_DIRECT_OBJC_ISA_USAGE = YES_ERROR;
				CLANG_WARN_DOCUMENTATION_COMMENTS = YES;
				CLANG_WARN_EMPTY_BODY = YES;
				CLANG_WARN_ENUM_CONVERSION = YES;
				CLANG_WARN_INFINITE_RECURSION = YES;
				CLANG_WARN_INT_CONVERSION = YES;
				CLANG_WARN_NON_LITERAL_NULL_CONVERSION = YES;
				CLANG_WARN_OBJC_IMPLICIT_RETAIN_SELF = YES;
				CLANG_WARN_OBJC_LITERAL_CONVERSION = YES;
				CLANG_WARN_OBJC_ROOT_CLASS = YES_ERROR;
				CLANG_WARN_QUOTED_INCLUDE_IN_FRAMEWORK_HEADER = YES;
				CLANG_WARN_RANGE_LOOP_ANALYSIS = YES;
				CLANG_WARN_STRICT_PROTOTYPES = YES;
				CLANG_WARN_SUSPICIOUS_MOVE = YES;
				CLANG_WARN_UNGUARDED_AVAILABILITY = YES_AGGRESSIVE;
				CLANG_WARN_UNREACHABLE_CODE = YES;
				CLANG_WARN__DUPLICATE_METHOD_MATCH = YES;
				COPY_PHASE_STRIP = NO;
				DEBUG_INFORMATION_FORMAT = dwarf;
				ENABLE_STRICT_OBJC_MSGSEND = YES;
				ENABLE_TESTABILITY = YES;
				GCC_C_LANGUAGE_STANDARD = gnu11;
				GCC_DYNAMIC_NO_PIC = NO;
				GCC_NO_COMMON_BLOCKS = YES;
				GCC_OPTIMIZATION_LEVEL = 0;
				GCC_PREPROCESSOR_DEFINITIONS = (
					"DEBUG=1",
					"$(inherited)",
				);
				GCC_WARN_64_TO_32_BIT_CONVERSION = YES;
				GCC_WARN_ABOUT_RETURN_TYPE = YES_ERROR;
				GCC_WARN_UNDECLARED_SELECTOR = YES;
				GCC_WARN_UNINITIALIZED_AUTOS = YES_AGGRESSIVE;
				GCC_WARN_UNUSED_FUNCTION = YES;
				GCC_WARN_UNUSED_VARIABLE = YES;
				IPHONEOS_DEPLOYMENT_TARGET = 16.2;
				MTL_ENABLE_DEBUG_INFO = INCLUDE_SOURCE;
				MTL_FAST_MATH = YES;
				ONLY_ACTIVE_ARCH = YES;
				SDKROOT = iphoneos;
				SWIFT_ACTIVE_COMPILATION_CONDITIONS = DEBUG;
				SWIFT_OPTIMIZATION_LEVEL = "-Onone";
			};
			name = Debug;
		};
		F1165BD72B519815006F7220 /* Release */ = {
			isa = XCBuildConfiguration;
			buildSettings = {
				ALWAYS_SEARCH_USER_PATHS = NO;
				CLANG_ANALYZER_NONNULL = YES;
				CLANG_ANALYZER_NUMBER_OBJECT_CONVERSION = YES_AGGRESSIVE;
				CLANG_CXX_LANGUAGE_STANDARD = "gnu++20";
				CLANG_ENABLE_MODULES = YES;
				CLANG_ENABLE_OBJC_ARC = YES;
				CLANG_ENABLE_OBJC_WEAK = YES;
				CLANG_WARN_BLOCK_CAPTURE_AUTORELEASING = YES;
				CLANG_WARN_BOOL_CONVERSION = YES;
				CLANG_WARN_COMMA = YES;
				CLANG_WARN_CONSTANT_CONVERSION = YES;
				CLANG_WARN_DEPRECATED_OBJC_IMPLEMENTATIONS = YES;
				CLANG_WARN_DIRECT_OBJC_ISA_USAGE = YES_ERROR;
				CLANG_WARN_DOCUMENTATION_COMMENTS = YES;
				CLANG_WARN_EMPTY_BODY = YES;
				CLANG_WARN_ENUM_CONVERSION = YES;
				CLANG_WARN_INFINITE_RECURSION = YES;
				CLANG_WARN_INT_CONVERSION = YES;
				CLANG_WARN_NON_LITERAL_NULL_CONVERSION = YES;
				CLANG_WARN_OBJC_IMPLICIT_RETAIN_SELF = YES;
				CLANG_WARN_OBJC_LITERAL_CONVERSION = YES;
				CLANG_WARN_OBJC_ROOT_CLASS = YES_ERROR;
				CLANG_WARN_QUOTED_INCLUDE_IN_FRAMEWORK_HEADER = YES;
				CLANG_WARN_RANGE_LOOP_ANALYSIS = YES;
				CLANG_WARN_STRICT_PROTOTYPES = YES;
				CLANG_WARN_SUSPICIOUS_MOVE = YES;
				CLANG_WARN_UNGUARDED_AVAILABILITY = YES_AGGRESSIVE;
				CLANG_WARN_UNREACHABLE_CODE = YES;
				CLANG_WARN__DUPLICATE_METHOD_MATCH = YES;
				COPY_PHASE_STRIP = NO;
				DEBUG_INFORMATION_FORMAT = "dwarf-with-dsym";
				ENABLE_NS_ASSERTIONS = NO;
				ENABLE_STRICT_OBJC_MSGSEND = YES;
				GCC_C_LANGUAGE_STANDARD = gnu11;
				GCC_NO_COMMON_BLOCKS = YES;
				GCC_WARN_64_TO_32_BIT_CONVERSION = YES;
				GCC_WARN_ABOUT_RETURN_TYPE = YES_ERROR;
				GCC_WARN_UNDECLARED_SELECTOR = YES;
				GCC_WARN_UNINITIALIZED_AUTOS = YES_AGGRESSIVE;
				GCC_WARN_UNUSED_FUNCTION = YES;
				GCC_WARN_UNUSED_VARIABLE = YES;
				IPHONEOS_DEPLOYMENT_TARGET = 16.2;
				MTL_ENABLE_DEBUG_INFO = NO;
				MTL_FAST_MATH = YES;
				SDKROOT = iphoneos;
				SWIFT_COMPILATION_MODE = wholemodule;
				SWIFT_OPTIMIZATION_LEVEL = "-O";
				VALIDATE_PRODUCT = YES;
			};
			name = Release;
		};
		F1165BD92B519815006F7220 /* Debug */ = {
			isa = XCBuildConfiguration;
			buildSettings = {
				ASSETCATALOG_COMPILER_APPICON_NAME = AppIcon;
				ASSETCATALOG_COMPILER_GLOBAL_ACCENT_COLOR_NAME = AccentColor;
				CODE_SIGN_STYLE = Automatic;
				CURRENT_PROJECT_VERSION = 1;
				GENERATE_INFOPLIST_FILE = YES;
				INFOPLIST_FILE = Countries_App/Info.plist;
				INFOPLIST_KEY_UIApplicationSupportsIndirectInputEvents = YES;
				INFOPLIST_KEY_UILaunchStoryboardName = LaunchScreen;
				INFOPLIST_KEY_UISupportedInterfaceOrientations_iPad = "UIInterfaceOrientationPortrait UIInterfaceOrientationPortraitUpsideDown UIInterfaceOrientationLandscapeLeft UIInterfaceOrientationLandscapeRight";
				INFOPLIST_KEY_UISupportedInterfaceOrientations_iPhone = "UIInterfaceOrientationPortrait UIInterfaceOrientationLandscapeLeft UIInterfaceOrientationLandscapeRight";
				LD_RUNPATH_SEARCH_PATHS = (
					"$(inherited)",
					"@executable_path/Frameworks",
				);
				MARKETING_VERSION = 1.0;
				PRODUCT_BUNDLE_IDENTIFIER = "me.Siarhei.Kuryan.Countries-App";
				PRODUCT_NAME = "$(TARGET_NAME)";
				SWIFT_EMIT_LOC_STRINGS = YES;
				SWIFT_VERSION = 5.0;
				TARGETED_DEVICE_FAMILY = "1,2";
			};
			name = Debug;
		};
		F1165BDA2B519815006F7220 /* Release */ = {
			isa = XCBuildConfiguration;
			buildSettings = {
				ASSETCATALOG_COMPILER_APPICON_NAME = AppIcon;
				ASSETCATALOG_COMPILER_GLOBAL_ACCENT_COLOR_NAME = AccentColor;
				CODE_SIGN_STYLE = Automatic;
				CURRENT_PROJECT_VERSION = 1;
				GENERATE_INFOPLIST_FILE = YES;
				INFOPLIST_FILE = Countries_App/Info.plist;
				INFOPLIST_KEY_UIApplicationSupportsIndirectInputEvents = YES;
				INFOPLIST_KEY_UILaunchStoryboardName = LaunchScreen;
				INFOPLIST_KEY_UISupportedInterfaceOrientations_iPad = "UIInterfaceOrientationPortrait UIInterfaceOrientationPortraitUpsideDown UIInterfaceOrientationLandscapeLeft UIInterfaceOrientationLandscapeRight";
				INFOPLIST_KEY_UISupportedInterfaceOrientations_iPhone = "UIInterfaceOrientationPortrait UIInterfaceOrientationLandscapeLeft UIInterfaceOrientationLandscapeRight";
				LD_RUNPATH_SEARCH_PATHS = (
					"$(inherited)",
					"@executable_path/Frameworks",
				);
				MARKETING_VERSION = 1.0;
				PRODUCT_BUNDLE_IDENTIFIER = "me.Siarhei.Kuryan.Countries-App";
				PRODUCT_NAME = "$(TARGET_NAME)";
				SWIFT_EMIT_LOC_STRINGS = YES;
				SWIFT_VERSION = 5.0;
				TARGETED_DEVICE_FAMILY = "1,2";
			};
			name = Release;
		};
/* End XCBuildConfiguration section */

/* Begin XCConfigurationList section */
		F1165BBF2B519812006F7220 /* Build configuration list for PBXProject "Countries_App" */ = {
			isa = XCConfigurationList;
			buildConfigurations = (
				F1165BD62B519815006F7220 /* Debug */,
				F1165BD72B519815006F7220 /* Release */,
			);
			defaultConfigurationIsVisible = 0;
			defaultConfigurationName = Release;
		};
		F1165BD82B519815006F7220 /* Build configuration list for PBXNativeTarget "Countries_App" */ = {
			isa = XCConfigurationList;
			buildConfigurations = (
				F1165BD92B519815006F7220 /* Debug */,
				F1165BDA2B519815006F7220 /* Release */,
			);
			defaultConfigurationIsVisible = 0;
			defaultConfigurationName = Release;
		};
/* End XCConfigurationList section */
	};
	rootObject = F1165BBC2B519812006F7220 /* Project object */;
}
